
Microsoft Visual Studio Solution File, Format Version 12.00
# Visual Studio Version 16
VisualStudioVersion = 16.0.29306.81
MinimumVisualStudioVersion = 10.0.40219.1
Project("{FAE04EC0-301F-11D3-BF4B-00C04F79EFBC}") = "PeopleInfo.Database", "PeopleInfo.Database\PeopleInfo.Database.csproj", "{8DB5CA3C-30E2-4EE7-B2E2-600A222C28AE}"
EndProject
Project("{FAE04EC0-301F-11D3-BF4B-00C04F79EFBC}") = "PeopleInfo.ImporterApp", "PeopleInfo.ImporterApp\PeopleInfo.ImporterApp.csproj", "{DAF4CA0F-CD6E-44DA-ABAE-1DDDBAB172B0}"
EndProject
Project("{FAE04EC0-301F-11D3-BF4B-00C04F79EFBC}") = "PeopleInfo.VievewApp", "PeopleInfo.VievewApp\PeopleInfo.VievewApp.csproj", "{0C097914-6367-49CA-BB55-112974B25398}"
EndProject
Global
	GlobalSection(SolutionConfigurationPlatforms) = preSolution
		Debug|Any CPU = Debug|Any CPU
		Release|Any CPU = Release|Any CPU
	EndGlobalSection
	GlobalSection(ProjectConfigurationPlatforms) = postSolution
		{8DB5CA3C-30E2-4EE7-B2E2-600A222C28AE}.Debug|Any CPU.ActiveCfg = Debug|Any CPU
		{8DB5CA3C-30E2-4EE7-B2E2-600A222C28AE}.Debug|Any CPU.Build.0 = Debug|Any CPU
		{8DB5CA3C-30E2-4EE7-B2E2-600A222C28AE}.Release|Any CPU.ActiveCfg = Release|Any CPU
		{8DB5CA3C-30E2-4EE7-B2E2-600A222C28AE}.Release|Any CPU.Build.0 = Release|Any CPU
		{DAF4CA0F-CD6E-44DA-ABAE-1DDDBAB172B0}.Debug|Any CPU.ActiveCfg = Debug|Any CPU
		{DAF4CA0F-CD6E-44DA-ABAE-1DDDBAB172B0}.Debug|Any CPU.Build.0 = Debug|Any CPU
		{DAF4CA0F-CD6E-44DA-ABAE-1DDDBAB172B0}.Release|Any CPU.ActiveCfg = Release|Any CPU
		{DAF4CA0F-CD6E-44DA-ABAE-1DDDBAB172B0}.Release|Any CPU.Build.0 = Release|Any CPU
		{0C097914-6367-49CA-BB55-112974B25398}.Debug|Any CPU.ActiveCfg = Debug|Any CPU
		{0C097914-6367-49CA-BB55-112974B25398}.Debug|Any CPU.Build.0 = Debug|Any CPU
		{0C097914-6367-49CA-BB55-112974B25398}.Release|Any CPU.ActiveCfg = Release|Any CPU
		{0C097914-6367-49CA-BB55-112974B25398}.Release|Any CPU.Build.0 = Release|Any CPU
	EndGlobalSection
	GlobalSection(SolutionProperties) = preSolution
		HideSolutionNode = FALSE
	EndGlobalSection
	GlobalSection(ExtensibilityGlobals) = postSolution
		SolutionGuid = {3B463360-65FA-41AA-AC10-E806562F24ED}
	EndGlobalSection
EndGlobal
